// !$*UTF8*$!
{
	archiveVersion = 1;
	classes = {
	};
	objectVersion = 46;
	objects = {

/* Begin PBXBuildFile section */
		02056F5215347ED600595D1B /* cellBackground.png in Resources */ = {isa = PBXBuildFile; fileRef = 02056F5115347ED600595D1B /* cellBackground.png */; };
		0206E73915C3324000504373 /* RagefaceCell.m in Sources */ = {isa = PBXBuildFile; fileRef = 0206E73815C3324000504373 /* RagefaceCell.m */; };
		0206E74015C33BCD00504373 /* PRTween.m in Sources */ = {isa = PBXBuildFile; fileRef = 0206E73D15C33BCD00504373 /* PRTween.m */; settings = {COMPILER_FLAGS = "-fno-objc-arc"; }; };
		0206E74115C33BCD00504373 /* PRTweenTimingFunctions.m in Sources */ = {isa = PBXBuildFile; fileRef = 0206E73F15C33BCD00504373 /* PRTweenTimingFunctions.m */; };
		0219E49B15E6E34600E0B14B /* ImageManager.m in Sources */ = {isa = PBXBuildFile; fileRef = 0219E49A15E6E34600E0B14B /* ImageManager.m */; };
		021DEF1D150CE93700E84689 /* header@2x.png in Resources */ = {isa = PBXBuildFile; fileRef = 021DEF1C150CE93700E84689 /* header@2x.png */; };
		021DEF35150CEE5000E84689 /* parseCSV.m in Sources */ = {isa = PBXBuildFile; fileRef = 021DEF30150CEBBF00E84689 /* parseCSV.m */; settings = {COMPILER_FLAGS = "-fno-objc-arc"; }; };
		021DEF45150D1AD600E84689 /* QuartzCore.framework in Frameworks */ = {isa = PBXBuildFile; fileRef = 021DEF44150D1AD600E84689 /* QuartzCore.framework */; };
		021DEF5B150D3B0C00E84689 /* Icon-57.png in Resources */ = {isa = PBXBuildFile; fileRef = 021DEF5A150D3B0C00E84689 /* Icon-57.png */; };
		021DEF5D150D3B1500E84689 /* Icon-114.png in Resources */ = {isa = PBXBuildFile; fileRef = 021DEF5C150D3B1500E84689 /* Icon-114.png */; };
		021DEF5F150D3B2C00E84689 /* Icon-72.png in Resources */ = {isa = PBXBuildFile; fileRef = 021DEF5E150D3B2C00E84689 /* Icon-72.png */; };
		021DEF61150D3B9900E84689 /* Icon-144.png in Resources */ = {isa = PBXBuildFile; fileRef = 021DEF60150D3B9900E84689 /* Icon-144.png */; };
		024886C915E22869003D4412 /* DataManager.m in Sources */ = {isa = PBXBuildFile; fileRef = 024886C815E22869003D4412 /* DataManager.m */; };
		024886CB15E246D6003D4412 /* CoreImage.framework in Frameworks */ = {isa = PBXBuildFile; fileRef = 024886CA15E246D6003D4412 /* CoreImage.framework */; };
		024886D515E252E2003D4412 /* NSArray+RemoveObjects.m in Sources */ = {isa = PBXBuildFile; fileRef = 024886D415E252E2003D4412 /* NSArray+RemoveObjects.m */; };
		024886DB15E2568E003D4412 /* ImageIO.framework in Frameworks */ = {isa = PBXBuildFile; fileRef = 024886DA15E2568E003D4412 /* ImageIO.framework */; };
		02505DC1150D6DF5000BEC3F /* cancelButton@2x.png in Resources */ = {isa = PBXBuildFile; fileRef = 02505DC0150D6DF5000BEC3F /* cancelButton@2x.png */; };
		02505DC9150D7ACD000BEC3F /* BebasNeue.otf in Resources */ = {isa = PBXBuildFile; fileRef = 02505DC8150D7ACD000BEC3F /* BebasNeue.otf */; };
		02505DCB150D9BB2000BEC3F /* allRagefacesHeaderBackground@2x.png in Resources */ = {isa = PBXBuildFile; fileRef = 02505DCA150D9BB2000BEC3F /* allRagefacesHeaderBackground@2x.png */; };
		02505DCD150D9BBA000BEC3F /* favoritesHeaderBackground@2x.png in Resources */ = {isa = PBXBuildFile; fileRef = 02505DCC150D9BBA000BEC3F /* favoritesHeaderBackground@2x.png */; };
		0261814415B1D50900EFE735 /* short_whoosh1.wav in Resources */ = {isa = PBXBuildFile; fileRef = 0261814315B1D50900EFE735 /* short_whoosh1.wav */; };
		0261814815B1D5F100EFE735 /* LSSound.m in Sources */ = {isa = PBXBuildFile; fileRef = 0261814715B1D5F100EFE735 /* LSSound.m */; };
		0261814E15B1D6CF00EFE735 /* AudioToolbox.framework in Frameworks */ = {isa = PBXBuildFile; fileRef = 0261814D15B1D6CF00EFE735 /* AudioToolbox.framework */; };
		0261815015B1E25600EFE735 /* copy.caf in Resources */ = {isa = PBXBuildFile; fileRef = 0261814F15B1E25500EFE735 /* copy.caf */; };
		0261815215B21F6800EFE735 /* MobileCoreServices.framework in Frameworks */ = {isa = PBXBuildFile; fileRef = 0261815115B21F6700EFE735 /* MobileCoreServices.framework */; };
		026D2D3615DEE727006C7BD8 /* loadingIndicator@2x.png in Resources */ = {isa = PBXBuildFile; fileRef = 026D2D3515DEE727006C7BD8 /* loadingIndicator@2x.png */; };
		027D0DBD15DD8B5400B2F7DC /* Model.xcdatamodeld in Sources */ = {isa = PBXBuildFile; fileRef = 027D0DBB15DD8B5400B2F7DC /* Model.xcdatamodeld */; };
		027D0DC915DD8F3C00B2F7DC /* Rageface.m in Sources */ = {isa = PBXBuildFile; fileRef = 027D0DC815DD8F3C00B2F7DC /* Rageface.m */; };
		027D0DCC15DD8F6A00B2F7DC /* Rageface+Restkit.m in Sources */ = {isa = PBXBuildFile; fileRef = 027D0DCB15DD8F6A00B2F7DC /* Rageface+Restkit.m */; };
		027D0DCF15DD8FA700B2F7DC /* Rageface+Thumbnail.m in Sources */ = {isa = PBXBuildFile; fileRef = 027D0DCE15DD8FA700B2F7DC /* Rageface+Thumbnail.m */; };
		027D0DD215DD922900B2F7DC /* CoreData.framework in Frameworks */ = {isa = PBXBuildFile; fileRef = 027D0DD015DD91E900B2F7DC /* CoreData.framework */; };
		029D97A015DD654400F1D271 /* UISearchBar+TextField.m in Sources */ = {isa = PBXBuildFile; fileRef = 029D979F15DD654400F1D271 /* UISearchBar+TextField.m */; };
		029F7CB91516879800026B93 /* Default~ipad@2x.png in Resources */ = {isa = PBXBuildFile; fileRef = 029F7CB71516879800026B93 /* Default~ipad@2x.png */; };
		029F7CBA1516879800026B93 /* Default@2x.png in Resources */ = {isa = PBXBuildFile; fileRef = 029F7CB81516879800026B93 /* Default@2x.png */; };
		02BF043D15346187006B256C /* cellBackground@2x.png in Resources */ = {isa = PBXBuildFile; fileRef = 02BF043C15346187006B256C /* cellBackground@2x.png */; };
		02BF044015346E01006B256C /* texture@2x.jpg in Resources */ = {isa = PBXBuildFile; fileRef = 02BF043F15346E01006B256C /* texture@2x.jpg */; };
		02DF5961150D4EAD00097D99 /* searchFieldBackground@2x.png in Resources */ = {isa = PBXBuildFile; fileRef = 02DF5960150D4EAD00097D99 /* searchFieldBackground@2x.png */; };
		02DF596B150D52E100097D99 /* btn_normal@2x.png in Resources */ = {isa = PBXBuildFile; fileRef = 02DF5969150D52E100097D99 /* btn_normal@2x.png */; };
		02DF596C150D52E100097D99 /* btn_pressed@2x.png in Resources */ = {isa = PBXBuildFile; fileRef = 02DF596A150D52E100097D99 /* btn_pressed@2x.png */; };
		02DF596E150D5D2600097D99 /* settings@2x.png in Resources */ = {isa = PBXBuildFile; fileRef = 02DF596D150D5D2600097D99 /* settings@2x.png */; };
		02DF5971150D62B800097D99 /* magnification@2x.png in Resources */ = {isa = PBXBuildFile; fileRef = 02DF596F150D62B800097D99 /* magnification@2x.png */; };
		02DF5972150D62B800097D99 /* x@2x.png in Resources */ = {isa = PBXBuildFile; fileRef = 02DF5970150D62B800097D99 /* x@2x.png */; };
		02DF5974150D65EC00097D99 /* x_pressed@2x.png in Resources */ = {isa = PBXBuildFile; fileRef = 02DF5973150D65EC00097D99 /* x_pressed@2x.png */; };
		02DF5978150D6B2A00097D99 /* LSSearchBar.m in Sources */ = {isa = PBXBuildFile; fileRef = 02DF5977150D6B2A00097D99 /* LSSearchBar.m */; };
		02FAE529150B73C800EEF4BE /* UIKit.framework in Frameworks */ = {isa = PBXBuildFile; fileRef = 02FAE528150B73C800EEF4BE /* UIKit.framework */; };
		02FAE52B150B73C800EEF4BE /* Foundation.framework in Frameworks */ = {isa = PBXBuildFile; fileRef = 02FAE52A150B73C800EEF4BE /* Foundation.framework */; };
		02FAE52D150B73C800EEF4BE /* CoreGraphics.framework in Frameworks */ = {isa = PBXBuildFile; fileRef = 02FAE52C150B73C800EEF4BE /* CoreGraphics.framework */; };
		02FAE533150B73C800EEF4BE /* InfoPlist.strings in Resources */ = {isa = PBXBuildFile; fileRef = 02FAE531150B73C800EEF4BE /* InfoPlist.strings */; };
		02FAE535150B73C800EEF4BE /* main.m in Sources */ = {isa = PBXBuildFile; fileRef = 02FAE534150B73C800EEF4BE /* main.m */; };
		02FAE539150B73C800EEF4BE /* LSAppDelegate.m in Sources */ = {isa = PBXBuildFile; fileRef = 02FAE538150B73C800EEF4BE /* LSAppDelegate.m */; };
		02FAE53C150B73C900EEF4BE /* LSViewController.m in Sources */ = {isa = PBXBuildFile; fileRef = 02FAE53B150B73C900EEF4BE /* LSViewController.m */; };
		22C6B1D115153FBE00C6B24D /* ragefaces.keyedArchive in Resources */ = {isa = PBXBuildFile; fileRef = 22C6B0FE15153DED00C6B24D /* ragefaces.keyedArchive */; };
		E4F1C54BB5F04A2E8784C508 /* libPods.a in Frameworks */ = {isa = PBXBuildFile; fileRef = 7FA7C57316504936A17F51BE /* libPods.a */; };
/* End PBXBuildFile section */

/* Begin PBXFileReference section */
		02056F5115347ED600595D1B /* cellBackground.png */ = {isa = PBXFileReference; lastKnownFileType = image.png; path = cellBackground.png; sourceTree = "<group>"; };
		0206E73715C3324000504373 /* RagefaceCell.h */ = {isa = PBXFileReference; fileEncoding = 4; lastKnownFileType = sourcecode.c.h; path = RagefaceCell.h; sourceTree = "<group>"; };
		0206E73815C3324000504373 /* RagefaceCell.m */ = {isa = PBXFileReference; fileEncoding = 4; lastKnownFileType = sourcecode.c.objc; path = RagefaceCell.m; sourceTree = "<group>"; };
		0206E73C15C33BCD00504373 /* PRTween.h */ = {isa = PBXFileReference; fileEncoding = 4; lastKnownFileType = sourcecode.c.h; path = PRTween.h; sourceTree = "<group>"; };
		0206E73D15C33BCD00504373 /* PRTween.m */ = {isa = PBXFileReference; fileEncoding = 4; lastKnownFileType = sourcecode.c.objc; path = PRTween.m; sourceTree = "<group>"; };
		0206E73E15C33BCD00504373 /* PRTweenTimingFunctions.h */ = {isa = PBXFileReference; fileEncoding = 4; lastKnownFileType = sourcecode.c.h; path = PRTweenTimingFunctions.h; sourceTree = "<group>"; };
		0206E73F15C33BCD00504373 /* PRTweenTimingFunctions.m */ = {isa = PBXFileReference; fileEncoding = 4; lastKnownFileType = sourcecode.c.objc; path = PRTweenTimingFunctions.m; sourceTree = "<group>"; };
		0219E49915E6E34600E0B14B /* ImageManager.h */ = {isa = PBXFileReference; fileEncoding = 4; lastKnownFileType = sourcecode.c.h; path = ImageManager.h; sourceTree = "<group>"; };
		0219E49A15E6E34600E0B14B /* ImageManager.m */ = {isa = PBXFileReference; fileEncoding = 4; lastKnownFileType = sourcecode.c.objc; path = ImageManager.m; sourceTree = "<group>"; };
		021DEF1C150CE93700E84689 /* header@2x.png */ = {isa = PBXFileReference; lastKnownFileType = image.png; path = "header@2x.png"; sourceTree = "<group>"; };
		021DEF2C150CEBAA00E84689 /* DataStore.h */ = {isa = PBXFileReference; lastKnownFileType = sourcecode.c.h; path = DataStore.h; sourceTree = "<group>"; };
		021DEF2D150CEBAA00E84689 /* DataStore.m */ = {isa = PBXFileReference; lastKnownFileType = sourcecode.c.objc; path = DataStore.m; sourceTree = "<group>"; };
		021DEF2F150CEBBF00E84689 /* parseCSV.h */ = {isa = PBXFileReference; lastKnownFileType = sourcecode.c.h; path = parseCSV.h; sourceTree = "<group>"; };
		021DEF30150CEBBF00E84689 /* parseCSV.m */ = {isa = PBXFileReference; lastKnownFileType = sourcecode.c.objc; path = parseCSV.m; sourceTree = "<group>"; };
		021DEF44150D1AD600E84689 /* QuartzCore.framework */ = {isa = PBXFileReference; includeInIndex = 1; lastKnownFileType = wrapper.framework; name = QuartzCore.framework; path = System/Library/Frameworks/QuartzCore.framework; sourceTree = SDKROOT; };
		021DEF5A150D3B0C00E84689 /* Icon-57.png */ = {isa = PBXFileReference; lastKnownFileType = image.png; name = "Icon-57.png"; path = "../Icon-57.png"; sourceTree = "<group>"; };
		021DEF5C150D3B1500E84689 /* Icon-114.png */ = {isa = PBXFileReference; lastKnownFileType = image.png; name = "Icon-114.png"; path = "../Icon-114.png"; sourceTree = "<group>"; };
		021DEF5E150D3B2C00E84689 /* Icon-72.png */ = {isa = PBXFileReference; lastKnownFileType = image.png; name = "Icon-72.png"; path = "../Icon-72.png"; sourceTree = "<group>"; };
		021DEF60150D3B9900E84689 /* Icon-144.png */ = {isa = PBXFileReference; lastKnownFileType = image.png; name = "Icon-144.png"; path = "../Icon-144.png"; sourceTree = "<group>"; };
		024886C715E22869003D4412 /* DataManager.h */ = {isa = PBXFileReference; fileEncoding = 4; lastKnownFileType = sourcecode.c.h; path = DataManager.h; sourceTree = "<group>"; };
		024886C815E22869003D4412 /* DataManager.m */ = {isa = PBXFileReference; fileEncoding = 4; lastKnownFileType = sourcecode.c.objc; path = DataManager.m; sourceTree = "<group>"; };
		024886CA15E246D6003D4412 /* CoreImage.framework */ = {isa = PBXFileReference; lastKnownFileType = wrapper.framework; name = CoreImage.framework; path = System/Library/Frameworks/CoreImage.framework; sourceTree = SDKROOT; };
		024886D315E252E2003D4412 /* NSArray+RemoveObjects.h */ = {isa = PBXFileReference; fileEncoding = 4; lastKnownFileType = sourcecode.c.h; path = "NSArray+RemoveObjects.h"; sourceTree = "<group>"; };
		024886D415E252E2003D4412 /* NSArray+RemoveObjects.m */ = {isa = PBXFileReference; fileEncoding = 4; lastKnownFileType = sourcecode.c.objc; path = "NSArray+RemoveObjects.m"; sourceTree = "<group>"; };
		024886DA15E2568E003D4412 /* ImageIO.framework */ = {isa = PBXFileReference; lastKnownFileType = wrapper.framework; name = ImageIO.framework; path = System/Library/Frameworks/ImageIO.framework; sourceTree = SDKROOT; };
		02505DC0150D6DF5000BEC3F /* cancelButton@2x.png */ = {isa = PBXFileReference; lastKnownFileType = image.png; path = "cancelButton@2x.png"; sourceTree = "<group>"; };
		02505DC8150D7ACD000BEC3F /* BebasNeue.otf */ = {isa = PBXFileReference; lastKnownFileType = file; path = BebasNeue.otf; sourceTree = "<group>"; };
		02505DCA150D9BB2000BEC3F /* allRagefacesHeaderBackground@2x.png */ = {isa = PBXFileReference; lastKnownFileType = image.png; path = "allRagefacesHeaderBackground@2x.png"; sourceTree = "<group>"; };
		02505DCC150D9BBA000BEC3F /* favoritesHeaderBackground@2x.png */ = {isa = PBXFileReference; lastKnownFileType = image.png; path = "favoritesHeaderBackground@2x.png"; sourceTree = "<group>"; };
		0261814315B1D50900EFE735 /* short_whoosh1.wav */ = {isa = PBXFileReference; lastKnownFileType = audio.wav; path = short_whoosh1.wav; sourceTree = "<group>"; };
		0261814615B1D5F100EFE735 /* LSSound.h */ = {isa = PBXFileReference; fileEncoding = 4; lastKnownFileType = sourcecode.c.h; path = LSSound.h; sourceTree = "<group>"; };
		0261814715B1D5F100EFE735 /* LSSound.m */ = {isa = PBXFileReference; fileEncoding = 4; lastKnownFileType = sourcecode.c.objc; path = LSSound.m; sourceTree = "<group>"; };
		0261814D15B1D6CF00EFE735 /* AudioToolbox.framework */ = {isa = PBXFileReference; includeInIndex = 1; lastKnownFileType = wrapper.framework; name = AudioToolbox.framework; path = System/Library/Frameworks/AudioToolbox.framework; sourceTree = SDKROOT; };
		0261814F15B1E25500EFE735 /* copy.caf */ = {isa = PBXFileReference; lastKnownFileType = file; path = copy.caf; sourceTree = "<group>"; };
		0261815115B21F6700EFE735 /* MobileCoreServices.framework */ = {isa = PBXFileReference; includeInIndex = 1; lastKnownFileType = wrapper.framework; name = MobileCoreServices.framework; path = System/Library/Frameworks/MobileCoreServices.framework; sourceTree = SDKROOT; };
		026D2D3515DEE727006C7BD8 /* loadingIndicator@2x.png */ = {isa = PBXFileReference; lastKnownFileType = image.png; path = "loadingIndicator@2x.png"; sourceTree = "<group>"; };
		027D0DBC15DD8B5400B2F7DC /* Model.xcdatamodel */ = {isa = PBXFileReference; lastKnownFileType = wrapper.xcdatamodel; path = Model.xcdatamodel; sourceTree = "<group>"; };
		027D0DC715DD8F3C00B2F7DC /* Rageface.h */ = {isa = PBXFileReference; fileEncoding = 4; lastKnownFileType = sourcecode.c.h; name = Rageface.h; path = ../Rageface.h; sourceTree = "<group>"; };
		027D0DC815DD8F3C00B2F7DC /* Rageface.m */ = {isa = PBXFileReference; fileEncoding = 4; lastKnownFileType = sourcecode.c.objc; name = Rageface.m; path = ../Rageface.m; sourceTree = "<group>"; };
		027D0DCA15DD8F6A00B2F7DC /* Rageface+Restkit.h */ = {isa = PBXFileReference; fileEncoding = 4; lastKnownFileType = sourcecode.c.h; path = "Rageface+Restkit.h"; sourceTree = "<group>"; };
		027D0DCB15DD8F6A00B2F7DC /* Rageface+Restkit.m */ = {isa = PBXFileReference; fileEncoding = 4; lastKnownFileType = sourcecode.c.objc; path = "Rageface+Restkit.m"; sourceTree = "<group>"; };
		027D0DCD15DD8FA700B2F7DC /* Rageface+Thumbnail.h */ = {isa = PBXFileReference; fileEncoding = 4; lastKnownFileType = sourcecode.c.h; path = "Rageface+Thumbnail.h"; sourceTree = "<group>"; };
		027D0DCE15DD8FA700B2F7DC /* Rageface+Thumbnail.m */ = {isa = PBXFileReference; fileEncoding = 4; lastKnownFileType = sourcecode.c.objc; path = "Rageface+Thumbnail.m"; sourceTree = "<group>"; };
		027D0DD015DD91E900B2F7DC /* CoreData.framework */ = {isa = PBXFileReference; lastKnownFileType = wrapper.framework; name = CoreData.framework; path = System/Library/Frameworks/CoreData.framework; sourceTree = SDKROOT; };
		029D979E15DD654400F1D271 /* UISearchBar+TextField.h */ = {isa = PBXFileReference; fileEncoding = 4; lastKnownFileType = sourcecode.c.h; path = "UISearchBar+TextField.h"; sourceTree = "<group>"; };
		029D979F15DD654400F1D271 /* UISearchBar+TextField.m */ = {isa = PBXFileReference; fileEncoding = 4; lastKnownFileType = sourcecode.c.objc; path = "UISearchBar+TextField.m"; sourceTree = "<group>"; };
		029F7CB71516879800026B93 /* Default~ipad@2x.png */ = {isa = PBXFileReference; lastKnownFileType = image.png; path = "Default~ipad@2x.png"; sourceTree = "<group>"; };
		029F7CB81516879800026B93 /* Default@2x.png */ = {isa = PBXFileReference; lastKnownFileType = image.png; path = "Default@2x.png"; sourceTree = "<group>"; };
		02BF043C15346187006B256C /* cellBackground@2x.png */ = {isa = PBXFileReference; lastKnownFileType = image.png; path = "cellBackground@2x.png"; sourceTree = "<group>"; };
		02BF043F15346E01006B256C /* texture@2x.jpg */ = {isa = PBXFileReference; lastKnownFileType = image.jpeg; path = "texture@2x.jpg"; sourceTree = "<group>"; };
		02DF5960150D4EAD00097D99 /* searchFieldBackground@2x.png */ = {isa = PBXFileReference; lastKnownFileType = image.png; path = "searchFieldBackground@2x.png"; sourceTree = "<group>"; };
		02DF5969150D52E100097D99 /* btn_normal@2x.png */ = {isa = PBXFileReference; lastKnownFileType = image.png; path = "btn_normal@2x.png"; sourceTree = "<group>"; };
		02DF596A150D52E100097D99 /* btn_pressed@2x.png */ = {isa = PBXFileReference; lastKnownFileType = image.png; path = "btn_pressed@2x.png"; sourceTree = "<group>"; };
		02DF596D150D5D2600097D99 /* settings@2x.png */ = {isa = PBXFileReference; lastKnownFileType = image.png; path = "settings@2x.png"; sourceTree = "<group>"; };
		02DF596F150D62B800097D99 /* magnification@2x.png */ = {isa = PBXFileReference; lastKnownFileType = image.png; path = "magnification@2x.png"; sourceTree = "<group>"; };
		02DF5970150D62B800097D99 /* x@2x.png */ = {isa = PBXFileReference; lastKnownFileType = image.png; path = "x@2x.png"; sourceTree = "<group>"; };
		02DF5973150D65EC00097D99 /* x_pressed@2x.png */ = {isa = PBXFileReference; lastKnownFileType = image.png; path = "x_pressed@2x.png"; sourceTree = "<group>"; };
		02DF5976150D6B2A00097D99 /* LSSearchBar.h */ = {isa = PBXFileReference; fileEncoding = 4; lastKnownFileType = sourcecode.c.h; path = LSSearchBar.h; sourceTree = "<group>"; };
		02DF5977150D6B2A00097D99 /* LSSearchBar.m */ = {isa = PBXFileReference; fileEncoding = 4; lastKnownFileType = sourcecode.c.objc; path = LSSearchBar.m; sourceTree = "<group>"; };
		02FAE524150B73C800EEF4BE /* ragr.app */ = {isa = PBXFileReference; explicitFileType = wrapper.application; includeInIndex = 0; path = ragr.app; sourceTree = BUILT_PRODUCTS_DIR; };
		02FAE528150B73C800EEF4BE /* UIKit.framework */ = {isa = PBXFileReference; includeInIndex = 1; lastKnownFileType = wrapper.framework; name = UIKit.framework; path = System/Library/Frameworks/UIKit.framework; sourceTree = SDKROOT; };
		02FAE52A150B73C800EEF4BE /* Foundation.framework */ = {isa = PBXFileReference; includeInIndex = 1; lastKnownFileType = wrapper.framework; name = Foundation.framework; path = System/Library/Frameworks/Foundation.framework; sourceTree = SDKROOT; };
		02FAE52C150B73C800EEF4BE /* CoreGraphics.framework */ = {isa = PBXFileReference; includeInIndex = 1; lastKnownFileType = wrapper.framework; name = CoreGraphics.framework; path = System/Library/Frameworks/CoreGraphics.framework; sourceTree = SDKROOT; };
		02FAE530150B73C800EEF4BE /* ragr-Info.plist */ = {isa = PBXFileReference; explicitFileType = text.plist.info; path = "ragr-Info.plist"; sourceTree = "<group>"; };
		02FAE532150B73C800EEF4BE /* en */ = {isa = PBXFileReference; lastKnownFileType = text.plist.strings; name = en; path = en.lproj/InfoPlist.strings; sourceTree = "<group>"; };
		02FAE534150B73C800EEF4BE /* main.m */ = {isa = PBXFileReference; lastKnownFileType = sourcecode.c.objc; path = main.m; sourceTree = "<group>"; };
		02FAE536150B73C800EEF4BE /* ragr-Prefix.pch */ = {isa = PBXFileReference; lastKnownFileType = sourcecode.c.h; path = "ragr-Prefix.pch"; sourceTree = "<group>"; };
		02FAE537150B73C800EEF4BE /* LSAppDelegate.h */ = {isa = PBXFileReference; lastKnownFileType = sourcecode.c.h; path = LSAppDelegate.h; sourceTree = "<group>"; };
		02FAE538150B73C800EEF4BE /* LSAppDelegate.m */ = {isa = PBXFileReference; lastKnownFileType = sourcecode.c.objc; path = LSAppDelegate.m; sourceTree = "<group>"; };
		02FAE53A150B73C800EEF4BE /* LSViewController.h */ = {isa = PBXFileReference; lastKnownFileType = sourcecode.c.h; path = LSViewController.h; sourceTree = "<group>"; };
		02FAE53B150B73C900EEF4BE /* LSViewController.m */ = {isa = PBXFileReference; lastKnownFileType = sourcecode.c.objc; path = LSViewController.m; sourceTree = "<group>"; };
		22C6B0FE15153DED00C6B24D /* ragefaces.keyedArchive */ = {isa = PBXFileReference; lastKnownFileType = file.bplist; name = ragefaces.keyedArchive; path = ragefaces/ragefaces.keyedArchive; sourceTree = SOURCE_ROOT; };
		7FA7C57316504936A17F51BE /* libPods.a */ = {isa = PBXFileReference; explicitFileType = archive.ar; includeInIndex = 0; path = libPods.a; sourceTree = BUILT_PRODUCTS_DIR; };
		E9365B89780449AE9BC796BF /* Pods.xcconfig */ = {isa = PBXFileReference; includeInIndex = 1; lastKnownFileType = text.xcconfig; name = Pods.xcconfig; path = Pods/Pods.xcconfig; sourceTree = SOURCE_ROOT; };
/* End PBXFileReference section */

/* Begin PBXFrameworksBuildPhase section */
		02FAE521150B73C800EEF4BE /* Frameworks */ = {
			isa = PBXFrameworksBuildPhase;
			buildActionMask = 2147483647;
			files = (
				024886DB15E2568E003D4412 /* ImageIO.framework in Frameworks */,
				024886CB15E246D6003D4412 /* CoreImage.framework in Frameworks */,
				027D0DD215DD922900B2F7DC /* CoreData.framework in Frameworks */,
				0261815215B21F6800EFE735 /* MobileCoreServices.framework in Frameworks */,
				0261814E15B1D6CF00EFE735 /* AudioToolbox.framework in Frameworks */,
				021DEF45150D1AD600E84689 /* QuartzCore.framework in Frameworks */,
				02FAE529150B73C800EEF4BE /* UIKit.framework in Frameworks */,
				02FAE52B150B73C800EEF4BE /* Foundation.framework in Frameworks */,
				02FAE52D150B73C800EEF4BE /* CoreGraphics.framework in Frameworks */,
				E4F1C54BB5F04A2E8784C508 /* libPods.a in Frameworks */,
			);
			runOnlyForDeploymentPostprocessing = 0;
		};
/* End PBXFrameworksBuildPhase section */

/* Begin PBXGroup section */
		0206E73B15C33BCD00504373 /* PRTween */ = {
			isa = PBXGroup;
			children = (
				0206E73C15C33BCD00504373 /* PRTween.h */,
				0206E73D15C33BCD00504373 /* PRTween.m */,
				0206E73E15C33BCD00504373 /* PRTweenTimingFunctions.h */,
				0206E73F15C33BCD00504373 /* PRTweenTimingFunctions.m */,
			);
			name = PRTween;
			path = lib;
			sourceTree = "<group>";
		};
		021DEF31150CEBC300E84689 /* CSV Parser */ = {
			isa = PBXGroup;
			children = (
				021DEF2C150CEBAA00E84689 /* DataStore.h */,
				021DEF2D150CEBAA00E84689 /* DataStore.m */,
				021DEF2F150CEBBF00E84689 /* parseCSV.h */,
				021DEF30150CEBBF00E84689 /* parseCSV.m */,
			);
			name = "CSV Parser";
			sourceTree = "<group>";
		};
		021DEF4F150D28E500E84689 /* images */ = {
			isa = PBXGroup;
			children = (
				02056F5115347ED600595D1B /* cellBackground.png */,
				02BF043F15346E01006B256C /* texture@2x.jpg */,
				026D2D3515DEE727006C7BD8 /* loadingIndicator@2x.png */,
				02BF043C15346187006B256C /* cellBackground@2x.png */,
				029F7CB71516879800026B93 /* Default~ipad@2x.png */,
				029F7CB81516879800026B93 /* Default@2x.png */,
				02505DCC150D9BBA000BEC3F /* favoritesHeaderBackground@2x.png */,
				02505DCA150D9BB2000BEC3F /* allRagefacesHeaderBackground@2x.png */,
				02505DC0150D6DF5000BEC3F /* cancelButton@2x.png */,
				02DF5973150D65EC00097D99 /* x_pressed@2x.png */,
				02DF596F150D62B800097D99 /* magnification@2x.png */,
				02DF5970150D62B800097D99 /* x@2x.png */,
				02DF596D150D5D2600097D99 /* settings@2x.png */,
				02DF5969150D52E100097D99 /* btn_normal@2x.png */,
				02DF596A150D52E100097D99 /* btn_pressed@2x.png */,
				021DEF60150D3B9900E84689 /* Icon-144.png */,
				021DEF5E150D3B2C00E84689 /* Icon-72.png */,
				021DEF5C150D3B1500E84689 /* Icon-114.png */,
				021DEF5A150D3B0C00E84689 /* Icon-57.png */,
				021DEF1C150CE93700E84689 /* header@2x.png */,
				02DF5960150D4EAD00097D99 /* searchFieldBackground@2x.png */,
			);
			name = images;
			sourceTree = "<group>";
		};
		02647ADF150BDC0E00B160AF /* Controller */ = {
			isa = PBXGroup;
			children = (
				02FAE53A150B73C800EEF4BE /* LSViewController.h */,
				02FAE53B150B73C900EEF4BE /* LSViewController.m */,
			);
			name = Controller;
			sourceTree = "<group>";
		};
		02647AE0150BDC1800B160AF /* Model */ = {
			isa = PBXGroup;
			children = (
				027D0DC715DD8F3C00B2F7DC /* Rageface.h */,
				027D0DC815DD8F3C00B2F7DC /* Rageface.m */,
				027D0DCA15DD8F6A00B2F7DC /* Rageface+Restkit.h */,
				027D0DCB15DD8F6A00B2F7DC /* Rageface+Restkit.m */,
				027D0DCD15DD8FA700B2F7DC /* Rageface+Thumbnail.h */,
				027D0DCE15DD8FA700B2F7DC /* Rageface+Thumbnail.m */,
				024886C715E22869003D4412 /* DataManager.h */,
				024886C815E22869003D4412 /* DataManager.m */,
				021DEF31150CEBC300E84689 /* CSV Parser */,
				027D0DBB15DD8B5400B2F7DC /* Model.xcdatamodeld */,
				0219E49915E6E34600E0B14B /* ImageManager.h */,
				0219E49A15E6E34600E0B14B /* ImageManager.m */,
			);
			name = Model;
			sourceTree = "<group>";
		};
		02DF5975150D6AEB00097D99 /* Views */ = {
			isa = PBXGroup;
			children = (
				02DF5976150D6B2A00097D99 /* LSSearchBar.h */,
				02DF5977150D6B2A00097D99 /* LSSearchBar.m */,
				0206E73715C3324000504373 /* RagefaceCell.h */,
				0206E73815C3324000504373 /* RagefaceCell.m */,
			);
			name = Views;
			sourceTree = "<group>";
		};
		02FAE519150B73C800EEF4BE = {
			isa = PBXGroup;
			children = (
				02FAE52E150B73C800EEF4BE /* ragr */,
				02FAE527150B73C800EEF4BE /* Frameworks */,
				02FAE525150B73C800EEF4BE /* Products */,
				E9365B89780449AE9BC796BF /* Pods.xcconfig */,
			);
			sourceTree = "<group>";
		};
		02FAE525150B73C800EEF4BE /* Products */ = {
			isa = PBXGroup;
			children = (
				02FAE524150B73C800EEF4BE /* ragr.app */,
			);
			name = Products;
			sourceTree = "<group>";
		};
		02FAE527150B73C800EEF4BE /* Frameworks */ = {
			isa = PBXGroup;
			children = (
				024886DA15E2568E003D4412 /* ImageIO.framework */,
				024886CA15E246D6003D4412 /* CoreImage.framework */,
				027D0DD015DD91E900B2F7DC /* CoreData.framework */,
				0206E73B15C33BCD00504373 /* PRTween */,
				0261815115B21F6700EFE735 /* MobileCoreServices.framework */,
				0261814D15B1D6CF00EFE735 /* AudioToolbox.framework */,
				0261814615B1D5F100EFE735 /* LSSound.h */,
				0261814715B1D5F100EFE735 /* LSSound.m */,
				021DEF44150D1AD600E84689 /* QuartzCore.framework */,
				02FAE528150B73C800EEF4BE /* UIKit.framework */,
				02FAE52A150B73C800EEF4BE /* Foundation.framework */,
				02FAE52C150B73C800EEF4BE /* CoreGraphics.framework */,
				029D979E15DD654400F1D271 /* UISearchBar+TextField.h */,
				029D979F15DD654400F1D271 /* UISearchBar+TextField.m */,
				7FA7C57316504936A17F51BE /* libPods.a */,
				024886D315E252E2003D4412 /* NSArray+RemoveObjects.h */,
				024886D415E252E2003D4412 /* NSArray+RemoveObjects.m */,
			);
			name = Frameworks;
			sourceTree = "<group>";
		};
		02FAE52E150B73C800EEF4BE /* ragr */ = {
			isa = PBXGroup;
			children = (
				02FAE536150B73C800EEF4BE /* ragr-Prefix.pch */,
				02FAE537150B73C800EEF4BE /* LSAppDelegate.h */,
				02FAE538150B73C800EEF4BE /* LSAppDelegate.m */,
				02647AE0150BDC1800B160AF /* Model */,
				02DF5975150D6AEB00097D99 /* Views */,
				02647ADF150BDC0E00B160AF /* Controller */,
				02FAE52F150B73C800EEF4BE /* Supporting Files */,
			);
			path = ragr;
			sourceTree = "<group>";
		};
		02FAE52F150B73C800EEF4BE /* Supporting Files */ = {
			isa = PBXGroup;
			children = (
				0261814F15B1E25500EFE735 /* copy.caf */,
				0261814315B1D50900EFE735 /* short_whoosh1.wav */,
				02505DC8150D7ACD000BEC3F /* BebasNeue.otf */,
				021DEF4F150D28E500E84689 /* images */,
				22C6B0FE15153DED00C6B24D /* ragefaces.keyedArchive */,
				02FAE530150B73C800EEF4BE /* ragr-Info.plist */,
				02FAE531150B73C800EEF4BE /* InfoPlist.strings */,
				02FAE534150B73C800EEF4BE /* main.m */,
			);
			name = "Supporting Files";
			sourceTree = "<group>";
		};
/* End PBXGroup section */

/* Begin PBXNativeTarget section */
		02FAE523150B73C800EEF4BE /* ragr */ = {
			isa = PBXNativeTarget;
			buildConfigurationList = 02FAE545150B73C900EEF4BE /* Build configuration list for PBXNativeTarget "ragr" */;
			buildPhases = (
				02FAE520150B73C800EEF4BE /* Sources */,
				02FAE521150B73C800EEF4BE /* Frameworks */,
				02FAE522150B73C800EEF4BE /* Resources */,
				AEE071CBE985428087CF8312 /* Copy Pods Resources */,
			);
			buildRules = (
			);
			dependencies = (
			);
			name = ragr;
			productName = ragr;
			productReference = 02FAE524150B73C800EEF4BE /* ragr.app */;
			productType = "com.apple.product-type.application";
		};
/* End PBXNativeTarget section */

/* Begin PBXProject section */
		02FAE51B150B73C800EEF4BE /* Project object */ = {
			isa = PBXProject;
			attributes = {
				LastUpgradeCheck = 0430;
			};
			buildConfigurationList = 02FAE51E150B73C800EEF4BE /* Build configuration list for PBXProject "ragr" */;
			compatibilityVersion = "Xcode 3.2";
			developmentRegion = English;
			hasScannedForEncodings = 0;
			knownRegions = (
				en,
			);
			mainGroup = 02FAE519150B73C800EEF4BE;
			productRefGroup = 02FAE525150B73C800EEF4BE /* Products */;
			projectDirPath = "";
			projectRoot = "";
			targets = (
				02FAE523150B73C800EEF4BE /* ragr */,
			);
		};
/* End PBXProject section */

/* Begin PBXResourcesBuildPhase section */
		02FAE522150B73C800EEF4BE /* Resources */ = {
			isa = PBXResourcesBuildPhase;
			buildActionMask = 2147483647;
			files = (
				02FAE533150B73C800EEF4BE /* InfoPlist.strings in Resources */,
				021DEF1D150CE93700E84689 /* header@2x.png in Resources */,
				021DEF5B150D3B0C00E84689 /* Icon-57.png in Resources */,
				22C6B1D115153FBE00C6B24D /* ragefaces.keyedArchive in Resources */,
				021DEF5D150D3B1500E84689 /* Icon-114.png in Resources */,
				021DEF5F150D3B2C00E84689 /* Icon-72.png in Resources */,
				021DEF61150D3B9900E84689 /* Icon-144.png in Resources */,
				02DF5961150D4EAD00097D99 /* searchFieldBackground@2x.png in Resources */,
				02DF596B150D52E100097D99 /* btn_normal@2x.png in Resources */,
				02DF596C150D52E100097D99 /* btn_pressed@2x.png in Resources */,
				02DF596E150D5D2600097D99 /* settings@2x.png in Resources */,
				02DF5971150D62B800097D99 /* magnification@2x.png in Resources */,
				02DF5972150D62B800097D99 /* x@2x.png in Resources */,
				02DF5974150D65EC00097D99 /* x_pressed@2x.png in Resources */,
				02505DC1150D6DF5000BEC3F /* cancelButton@2x.png in Resources */,
				02505DC9150D7ACD000BEC3F /* BebasNeue.otf in Resources */,
				02505DCB150D9BB2000BEC3F /* allRagefacesHeaderBackground@2x.png in Resources */,
				02505DCD150D9BBA000BEC3F /* favoritesHeaderBackground@2x.png in Resources */,
				029F7CB91516879800026B93 /* Default~ipad@2x.png in Resources */,
				029F7CBA1516879800026B93 /* Default@2x.png in Resources */,
				02BF043D15346187006B256C /* cellBackground@2x.png in Resources */,
				02BF044015346E01006B256C /* texture@2x.jpg in Resources */,
				02056F5215347ED600595D1B /* cellBackground.png in Resources */,
				0261814415B1D50900EFE735 /* short_whoosh1.wav in Resources */,
				0261815015B1E25600EFE735 /* copy.caf in Resources */,
				026D2D3615DEE727006C7BD8 /* loadingIndicator@2x.png in Resources */,
			);
			runOnlyForDeploymentPostprocessing = 0;
		};
/* End PBXResourcesBuildPhase section */

/* Begin PBXShellScriptBuildPhase section */
		AEE071CBE985428087CF8312 /* Copy Pods Resources */ = {
			isa = PBXShellScriptBuildPhase;
			buildActionMask = 2147483647;
			files = (
			);
			inputPaths = (
			);
			name = "Copy Pods Resources";
			outputPaths = (
			);
			runOnlyForDeploymentPostprocessing = 0;
			shellPath = /bin/sh;
			shellScript = "\"${SRCROOT}/Pods/Pods-resources.sh\"\n";
		};
/* End PBXShellScriptBuildPhase section */

/* Begin PBXSourcesBuildPhase section */
		02FAE520150B73C800EEF4BE /* Sources */ = {
			isa = PBXSourcesBuildPhase;
			buildActionMask = 2147483647;
			files = (
				02FAE535150B73C800EEF4BE /* main.m in Sources */,
				02FAE539150B73C800EEF4BE /* LSAppDelegate.m in Sources */,
				02FAE53C150B73C900EEF4BE /* LSViewController.m in Sources */,
				021DEF35150CEE5000E84689 /* parseCSV.m in Sources */,
				02DF5978150D6B2A00097D99 /* LSSearchBar.m in Sources */,
				0261814815B1D5F100EFE735 /* LSSound.m in Sources */,
				0206E73915C3324000504373 /* RagefaceCell.m in Sources */,
				0206E74015C33BCD00504373 /* PRTween.m in Sources */,
				0206E74115C33BCD00504373 /* PRTweenTimingFunctions.m in Sources */,
				029D97A015DD654400F1D271 /* UISearchBar+TextField.m in Sources */,
				027D0DBD15DD8B5400B2F7DC /* Model.xcdatamodeld in Sources */,
				027D0DC915DD8F3C00B2F7DC /* Rageface.m in Sources */,
				027D0DCC15DD8F6A00B2F7DC /* Rageface+Restkit.m in Sources */,
				027D0DCF15DD8FA700B2F7DC /* Rageface+Thumbnail.m in Sources */,
				024886C915E22869003D4412 /* DataManager.m in Sources */,
				024886D515E252E2003D4412 /* NSArray+RemoveObjects.m in Sources */,
				0219E49B15E6E34600E0B14B /* ImageManager.m in Sources */,
			);
			runOnlyForDeploymentPostprocessing = 0;
		};
/* End PBXSourcesBuildPhase section */

/* Begin PBXVariantGroup section */
		02FAE531150B73C800EEF4BE /* InfoPlist.strings */ = {
			isa = PBXVariantGroup;
			children = (
				02FAE532150B73C800EEF4BE /* en */,
			);
			name = InfoPlist.strings;
			sourceTree = "<group>";
		};
/* End PBXVariantGroup section */

/* Begin XCBuildConfiguration section */
		02FAE543150B73C900EEF4BE /* Debug */ = {
			isa = XCBuildConfiguration;
			buildSettings = {
				ALWAYS_SEARCH_USER_PATHS = NO;
				ARCHS = "$(ARCHS_STANDARD_32_BIT)";
				CLANG_ENABLE_OBJC_ARC = YES;
				"CODE_SIGN_IDENTITY[sdk=iphoneos*]" = "iPhone Developer";
				COPY_PHASE_STRIP = NO;
				GCC_C_LANGUAGE_STANDARD = gnu99;
				GCC_DYNAMIC_NO_PIC = NO;
				GCC_OPTIMIZATION_LEVEL = 0;
				GCC_PREPROCESSOR_DEFINITIONS = (
					"DEBUG=1",
					"$(inherited)",
				);
				GCC_SYMBOLS_PRIVATE_EXTERN = NO;
				GCC_VERSION = com.apple.compilers.llvm.clang.1_0;
				GCC_WARN_ABOUT_MISSING_PROTOTYPES = YES;
				GCC_WARN_ABOUT_RETURN_TYPE = YES;
				GCC_WARN_UNUSED_VARIABLE = YES;
				IPHONEOS_DEPLOYMENT_TARGET = 5.0;
				"PROVISIONING_PROFILE[sdk=iphoneos*]" = "";
				SDKROOT = iphoneos;
				TARGETED_DEVICE_FAMILY = "1,2";
				USER_HEADER_SEARCH_PATHS = "";
			};
			name = Debug;
		};
		02FAE544150B73C900EEF4BE /* Release */ = {
			isa = XCBuildConfiguration;
			buildSettings = {
				ALWAYS_SEARCH_USER_PATHS = NO;
				ARCHS = "$(ARCHS_STANDARD_32_BIT)";
				CLANG_ENABLE_OBJC_ARC = YES;
				"CODE_SIGN_IDENTITY[sdk=iphoneos*]" = "iPhone Distribution: Ludwig Schubert";
				COPY_PHASE_STRIP = YES;
				GCC_C_LANGUAGE_STANDARD = gnu99;
				GCC_VERSION = com.apple.compilers.llvm.clang.1_0;
				GCC_WARN_ABOUT_MISSING_PROTOTYPES = YES;
				GCC_WARN_ABOUT_RETURN_TYPE = YES;
				GCC_WARN_UNUSED_VARIABLE = YES;
				IPHONEOS_DEPLOYMENT_TARGET = 5.0;
				OTHER_CFLAGS = "-DNS_BLOCK_ASSERTIONS=1";
				"PROVISIONING_PROFILE[sdk=iphoneos*]" = "D4BFDCD9-70CF-45E6-85D9-C0C42EEB6856";
				SDKROOT = iphoneos;
				TARGETED_DEVICE_FAMILY = "1,2";
				USER_HEADER_SEARCH_PATHS = "";
				VALIDATE_PRODUCT = YES;
			};
			name = Release;
		};
		02FAE546150B73C900EEF4BE /* Debug */ = {
			isa = XCBuildConfiguration;
			baseConfigurationReference = E9365B89780449AE9BC796BF /* Pods.xcconfig */;
			buildSettings = {
				ALWAYS_SEARCH_USER_PATHS = YES;
				CODE_SIGN_IDENTITY = "iPhone Developer";
				"CODE_SIGN_IDENTITY[sdk=iphoneos*]" = "iPhone Developer";
				COMPRESS_PNG_FILES = NO;
				CURRENT_PROJECT_VERSION = "";
				FRAMEWORK_SEARCH_PATHS = "";
				GCC_PRECOMPILE_PREFIX_HEADER = YES;
				GCC_PREFIX_HEADER = "ragr/ragr-Prefix.pch";
				HEADER_SEARCH_PATHS = "$(PODS_ROOT)/Headers/**";
				INFOPLIST_FILE = "ragr/ragr-Info.plist";
				LIBRARY_SEARCH_PATHS = (
					"$(inherited)",
					"$(SRCROOT)/NRGridView/**",
				);
				PRODUCT_NAME = "$(TARGET_NAME)";
				PROVISIONING_PROFILE = "";
				"PROVISIONING_PROFILE[sdk=iphoneos*]" = "";
				SCAN_ALL_SOURCE_FILES_FOR_INCLUDES = NO;
				USER_HEADER_SEARCH_PATHS = "$SRCROOT/NRGridView/**";
				VERSIONING_SYSTEM = "";
				WRAPPER_EXTENSION = app;
			};
			name = Debug;
		};
		02FAE547150B73C900EEF4BE /* Release */ = {
			isa = XCBuildConfiguration;
			baseConfigurationReference = E9365B89780449AE9BC796BF /* Pods.xcconfig */;
			buildSettings = {
				ALWAYS_SEARCH_USER_PATHS = YES;
				"CODE_SIGN_IDENTITY[sdk=iphoneos*]" = "iPhone Distribution";
				COMPRESS_PNG_FILES = NO;
				CURRENT_PROJECT_VERSION = "";
				FRAMEWORK_SEARCH_PATHS = "";
				GCC_PRECOMPILE_PREFIX_HEADER = YES;
				GCC_PREFIX_HEADER = "ragr/ragr-Prefix.pch";
				HEADER_SEARCH_PATHS = "$(PODS_ROOT)/Headers/**";
				INFOPLIST_FILE = "ragr/ragr-Info.plist";
				LIBRARY_SEARCH_PATHS = (
					"$(inherited)",
					"$(SRCROOT)/NRGridView/**",
				);
				PRODUCT_NAME = "$(TARGET_NAME)";
				"PROVISIONING_PROFILE[sdk=iphoneos*]" = "";
				SCAN_ALL_SOURCE_FILES_FOR_INCLUDES = NO;
				USER_HEADER_SEARCH_PATHS = "$SRCROOT/NRGridView/**";
				VERSIONING_SYSTEM = "";
				WRAPPER_EXTENSION = app;
			};
			name = Release;
		};
/* End XCBuildConfiguration section */

/* Begin XCConfigurationList section */
		02FAE51E150B73C800EEF4BE /* Build configuration list for PBXProject "ragr" */ = {
			isa = XCConfigurationList;
			buildConfigurations = (
				02FAE543150B73C900EEF4BE /* Debug */,
				02FAE544150B73C900EEF4BE /* Release */,
			);
			defaultConfigurationIsVisible = 0;
			defaultConfigurationName = Release;
		};
		02FAE545150B73C900EEF4BE /* Build configuration list for PBXNativeTarget "ragr" */ = {
			isa = XCConfigurationList;
			buildConfigurations = (
				02FAE546150B73C900EEF4BE /* Debug */,
				02FAE547150B73C900EEF4BE /* Release */,
			);
			defaultConfigurationIsVisible = 0;
			defaultConfigurationName = Release;
		};
/* End XCConfigurationList section */

/* Begin XCVersionGroup section */
		027D0DBB15DD8B5400B2F7DC /* Model.xcdatamodeld */ = {
			isa = XCVersionGroup;
			children = (
				027D0DBC15DD8B5400B2F7DC /* Model.xcdatamodel */,
			);
			currentVersion = 027D0DBC15DD8B5400B2F7DC /* Model.xcdatamodel */;
			path = Model.xcdatamodeld;
			sourceTree = "<group>";
			versionGroupType = wrapper.xcdatamodel;
		};
/* End XCVersionGroup section */
	};
	rootObject = 02FAE51B150B73C800EEF4BE /* Project object */;
}
